
Microsoft Visual Studio Solution File, Format Version 12.00
# Visual Studio Version 17
VisualStudioVersion = 17.14.36414.22 d17.14
MinimumVisualStudioVersion = 10.0.40219.1
Project("{FAE04EC0-301F-11D3-BF4B-00C04F79EFBC}") = "StoryBooks", "StoryBooks\StoryBooks.csproj", "{156D7D02-886B-4791-B34B-60A01D1B7487}"
EndProject
Global
	GlobalSection(SolutionConfigurationPlatforms) = preSolution
		Debug|Any CPU = Debug|Any CPU
		Release|Any CPU = Release|Any CPU
	EndGlobalSection
	GlobalSection(ProjectConfigurationPlatforms) = postSolution
		{156D7D02-886B-4791-B34B-60A01D1B7487}.Debug|Any CPU.ActiveCfg = Debug|Any CPU
		{156D7D02-886B-4791-B34B-60A01D1B7487}.Debug|Any CPU.Build.0 = Debug|Any CPU
		{156D7D02-886B-4791-B34B-60A01D1B7487}.Release|Any CPU.ActiveCfg = Release|Any CPU
		{156D7D02-886B-4791-B34B-60A01D1B7487}.Release|Any CPU.Build.0 = Release|Any CPU
	EndGlobalSection
	GlobalSection(SolutionProperties) = preSolution
		HideSolutionNode = FALSE
	EndGlobalSection
	GlobalSection(ExtensibilityGlobals) = postSolution
		SolutionGuid = {4187DD2D-4E50-48B7-86ED-1284ED14F43B}
	EndGlobalSection
EndGlobal
